{
  "name": "gibbitz-interlock",
  "version": "1.0.0",
  "lockfileVersion": 3,
  "requires": true,
  "packages": {
    "": {
      "name": "gibbitz-interlock",
      "version": "1.0.0",
      "license": "MIT",
      "workspaces": [
        "packages/cp2020-system",
        "packages/cp2020-compendia",
        "packages/cp2020-rolltables"
      ]
    },
    "node_modules/@gibbitz-interlock/cp2020-system": {
      "resolved": "packages/cp2020-system",
      "link": true
    },
    "node_modules/cp2020-compendia": {
      "resolved": "packages/cp2020-compendia",
      "link": true
    },
    "node_modules/cp2020-rolltables": {
      "resolved": "packages/cp2020-rolltables",
      "link": true
    },
    "packages/cp2020-compendia": {
      "version": "1.0.0",
      "license": "MIT",
      "devDependencies": {}
    },
    "packages/cp2020-rolltables": {
      "version": "1.0.0",
      "license": "MIT",
      "devDependencies": {}
    },
    "packages/cp2020-system": {
      "name": "@gibbitz-interlock/cp2020-system",
      "version": "1.0.0",
      "license": "MIT"
    }
  }
}
